{
    "_readme": [
        "This file locks the dependencies of your project to a known state",
        "Read more about it at https://getcomposer.org/doc/01-basic-usage.md#composer-lock-the-lock-file",
        "This file is @generated automatically"
    ],
    "content-hash": "a22e7062c56d1c9d410075824c154c12",
    "packages": [
        {
            "name": "clancats/container",
            "version": "v1.1.0",
            "source": {
                "type": "git",
                "url": "https://github.com/ClanCats/Container.git",
                "reference": "156820a516afb9a89791226be221e02dbfb5a5ce"
            },
            "dist": {
                "type": "zip",
                "url": "https://api.github.com/repos/ClanCats/Container/zipball/156820a516afb9a89791226be221e02dbfb5a5ce",
                "reference": "156820a516afb9a89791226be221e02dbfb5a5ce",
                "shasum": ""
            },
            "require": {
                "php": ">=7.0"
            },
            "type": "library",
            "autoload": {
                "psr-4": {
                    "ClanCats\\Container\\": "src/"
                }
            },
            "notification-url": "https://packagist.org/downloads/",
            "license": [
                "MIT"
            ],
            "description": "ClanCats IoC Container.",
            "time": "2018-04-11T16:26:19+00:00"
        },
        {
            "name": "mario-deluna/glm",
            "version": "dev-master",
            "source": {
                "type": "git",
                "url": "https://github.com/mario-deluna/glm.git",
                "reference": "d8871b2a2bb404a3ec4d631782dd6847a9519586"
            },
            "dist": {
                "type": "zip",
                "url": "https://api.github.com/repos/mario-deluna/glm/zipball/d8871b2a2bb404a3ec4d631782dd6847a9519586",
                "reference": "d8871b2a2bb404a3ec4d631782dd6847a9519586",
                "shasum": ""
            },
            "require-dev": {
                "phpunit/phpunit": "^6.5"
            },
            "type": "library",
            "autoload": {
                "psr-4": {
                    "glm\\": "src/"
                },
                "files": [
                    "src/globals.php"
                ]
            },
            "notification-url": "https://packagist.org/downloads/",
            "license": [
                "LGPL-3.0-or-later"
            ],
            "authors": [
                {
                    "name": "Santiago Lizardo",
                    "email": "santiago.lizardo@gmail.com"
                }
            ],
            "description": "A port of the OpenGL Mathematics library (GLM) to PHP",
            "time": "2018-10-11 19:24:06"
        },
        {
            "name": "mario-deluna/php-game-framework",
            "version": "dev-master",
            "source": {
                "type": "git",
                "url": "https://github.com/mario-deluna/php-game-framework.git",
                "reference": "7009520983b15055cc3a29946f8a2bd85c45f846"
            },
            "dist": {
                "type": "zip",
                "url": "https://api.github.com/repos/mario-deluna/php-game-framework/zipball/7009520983b15055cc3a29946f8a2bd85c45f846",
                "reference": "7009520983b15055cc3a29946f8a2bd85c45f846",
                "shasum": ""
            },
            "require": {
                "mario-deluna/glm": "dev-master"
            },
            "type": "library",
            "autoload": {
                "psr-4": {
                    "PGF\\": "src/"
                }
            },
            "notification-url": "https://packagist.org/downloads/",
            "authors": [
                {
                    "name": "Mario Döring",
                    "email": "mario@clancats.com"
                }
            ],
            "time": "2018-10-14 17:26:09"
        }
    ],
    "packages-dev": [],
    "aliases": [],
    "minimum-stability": "dev",
    "stability-flags": {
        "mario-deluna/php-game-framework": 20,
        "mario-deluna/glm": 20
    },
    "prefer-stable": false,
    "prefer-lowest": false,
    "platform": {
        "ext-glfw": "*"
    },
    "platform-dev": []
}
